
Microsoft Visual Studio Solution File, Format Version 12.00
# Visual Studio 15
VisualStudioVersion = 15.0.27703.2042
MinimumVisualStudioVersion = 10.0.40219.1
Project("{888888A0-9F3D-457C-B088-3A5042F75D52}") = "NCC1701", "NCC1701\NCC1701.pyproj", "{BC8B0763-FB2C-4FEF-B83B-94FDEDFB5471}"
EndProject
Global
	GlobalSection(SolutionConfigurationPlatforms) = preSolution
		Debug|Any CPU = Debug|Any CPU
		Release|Any CPU = Release|Any CPU
	EndGlobalSection
	GlobalSection(ProjectConfigurationPlatforms) = postSolution
		{BC8B0763-FB2C-4FEF-B83B-94FDEDFB5471}.Debug|Any CPU.ActiveCfg = Debug|Any CPU
		{BC8B0763-FB2C-4FEF-B83B-94FDEDFB5471}.Release|Any CPU.ActiveCfg = Release|Any CPU
	EndGlobalSection
	GlobalSection(SolutionProperties) = preSolution
		HideSolutionNode = FALSE
	EndGlobalSection
	GlobalSection(ExtensibilityGlobals) = postSolution
		SolutionGuid = {5054612E-B876-42D7-94C1-B4920448C878}
	EndGlobalSection
EndGlobal
